
Microsoft Visual Studio Solution File, Format Version 12.00
# Visual Studio Version 16
VisualStudioVersion = 16.0.31129.286
MinimumVisualStudioVersion = 10.0.40219.1
Project("{9A19103F-16F7-4668-BE54-9A1E7A4F7556}") = "MRCase.EntityFrameworkCore", "MRCase.EntityFrameworkCore\MRCase.EntityFrameworkCore.csproj", "{1517B830-CCBE-4128-90D5-1E8B06A12211}"
EndProject
Project("{9A19103F-16F7-4668-BE54-9A1E7A4F7556}") = "MRCase.Core", "MRCase.Core\MRCase.Core.csproj", "{6C75409A-6810-42FE-8F9D-308E5A6AE4EA}"
EndProject
Project("{9A19103F-16F7-4668-BE54-9A1E7A4F7556}") = "MRCase.Application", "MRCase.Application\MRCase.Application.csproj", "{7A36BCA7-9BC2-4D94-97D9-8C43B5E2C976}"
EndProject
Project("{9A19103F-16F7-4668-BE54-9A1E7A4F7556}") = "MRCase.API", "MRCase.API\MRCase.API.csproj", "{57CB230B-B29E-44EB-A2B9-63AFB969D187}"
EndProject
Global
	GlobalSection(SolutionConfigurationPlatforms) = preSolution
		Debug|Any CPU = Debug|Any CPU
		Release|Any CPU = Release|Any CPU
	EndGlobalSection
	GlobalSection(ProjectConfigurationPlatforms) = postSolution
		{1517B830-CCBE-4128-90D5-1E8B06A12211}.Debug|Any CPU.ActiveCfg = Debug|Any CPU
		{1517B830-CCBE-4128-90D5-1E8B06A12211}.Debug|Any CPU.Build.0 = Debug|Any CPU
		{1517B830-CCBE-4128-90D5-1E8B06A12211}.Release|Any CPU.ActiveCfg = Release|Any CPU
		{1517B830-CCBE-4128-90D5-1E8B06A12211}.Release|Any CPU.Build.0 = Release|Any CPU
		{6C75409A-6810-42FE-8F9D-308E5A6AE4EA}.Debug|Any CPU.ActiveCfg = Debug|Any CPU
		{6C75409A-6810-42FE-8F9D-308E5A6AE4EA}.Debug|Any CPU.Build.0 = Debug|Any CPU
		{6C75409A-6810-42FE-8F9D-308E5A6AE4EA}.Release|Any CPU.ActiveCfg = Release|Any CPU
		{6C75409A-6810-42FE-8F9D-308E5A6AE4EA}.Release|Any CPU.Build.0 = Release|Any CPU
		{7A36BCA7-9BC2-4D94-97D9-8C43B5E2C976}.Debug|Any CPU.ActiveCfg = Debug|Any CPU
		{7A36BCA7-9BC2-4D94-97D9-8C43B5E2C976}.Debug|Any CPU.Build.0 = Debug|Any CPU
		{7A36BCA7-9BC2-4D94-97D9-8C43B5E2C976}.Release|Any CPU.ActiveCfg = Release|Any CPU
		{7A36BCA7-9BC2-4D94-97D9-8C43B5E2C976}.Release|Any CPU.Build.0 = Release|Any CPU
		{57CB230B-B29E-44EB-A2B9-63AFB969D187}.Debug|Any CPU.ActiveCfg = Debug|Any CPU
		{57CB230B-B29E-44EB-A2B9-63AFB969D187}.Debug|Any CPU.Build.0 = Debug|Any CPU
		{57CB230B-B29E-44EB-A2B9-63AFB969D187}.Release|Any CPU.ActiveCfg = Release|Any CPU
		{57CB230B-B29E-44EB-A2B9-63AFB969D187}.Release|Any CPU.Build.0 = Release|Any CPU
	EndGlobalSection
	GlobalSection(SolutionProperties) = preSolution
		HideSolutionNode = FALSE
	EndGlobalSection
	GlobalSection(ExtensibilityGlobals) = postSolution
		SolutionGuid = {26904D23-291B-4E59-8E9B-FAAF569628E8}
	EndGlobalSection
EndGlobal
